{
  "nodes": {
    "home-manager": {
      "inputs": {
        "nixpkgs": [
          "nixpkgs"
        ]
      },
      "locked": {
        "lastModified": 1788642154,
        "narHash": "sha256-sPpQFVaFTDqO/4vvCAhuAhqTgqN/ygu+9eJcs5eB0js=",
        "owner": "nix-community",
        "repo": "home-manager",
        "rev": "fd0956c99c41ae3c13a73a638f1f7e963aebc4ab",
        "type": "github"
      },
      "original": {
        "owner": "nix-community",
        "ref": "release-26.05",
        "repo": "home-manager",
        "type": "github"
      }
    },
    "nixpkgs": {
      "locked": {
        "lastModified": 1788690626,
        "narHash": "sha256-+v4I4LawmRD/mVxO7QIAerRrCkElp3YImzWkkUnvOTg=",
        "owner": "nixos",
        "repo": "nixpkgs",
        "rev": "c25784012c9982bca5b3e0de87e90bbdac8927d3",
        "type": "github"
      },
      "original": {
        "owner": "nixos",
        "ref": "nixos-26.05",
        "repo": "nixpkgs",
        "type": "github"
      }
    },
    "root": {
      "inputs": {
        "home-manager": "home-manager",
        "nixpkgs": "nixpkgs",
        "trapd00r-ls-colors": "trapd00r-ls-colors"
      }
    },
    "trapd00r-ls-colors": {
      "flake": false,
      "locked": {
        "lastModified": 1749219789,
        "narHash": "sha256-MMzNknuELhpSkvcPgCL2Pp5A6DZrLajkz8qLphSNbjY=",
        "owner": "trapd00r",
        "repo": "LS_COLORS",
        "rev": "810ce8cac886ac50e75d84fb438b549a1f9478ee",
        "type": "github"
      },
      "original": {
        "owner": "trapd00r",
        "repo": "LS_COLORS",
        "type": "github"
      }
    }
  },
  "root": "root",
  "version": 7
}
